
Microsoft Visual Studio Solution File, Format Version 12.00
# Visual Studio Version 16
VisualStudioVersion = 16.0.31229.75
MinimumVisualStudioVersion = 10.0.40219.1
Project("{FAE04EC0-301F-11D3-BF4B-00C04F79EFBC}") = "EventSourcing.Core", "EventSourcing.Core\EventSourcing.Core.csproj", "{2170C857-1201-4206-B2A6-8A4746EE27F2}"
EndProject
Global
	GlobalSection(SolutionProperties) = preSolution
		HideSolutionNode = FALSE
	EndGlobalSection
	GlobalSection(ExtensibilityGlobals) = postSolution
		SolutionGuid = {90866FCA-A32D-4DC0-8B94-02D97D6B4D20}
	EndGlobalSection
	GlobalSection(ProjectConfigurationPlatforms) = postSolution
		{2170C857-1201-4206-B2A6-8A4746EE27F2}.Debug|Any CPU.ActiveCfg = Debug|Any CPU
		{2170C857-1201-4206-B2A6-8A4746EE27F2}.Debug|Any CPU.Build.0 = Debug|Any CPU
		{2170C857-1201-4206-B2A6-8A4746EE27F2}.Release|Any CPU.ActiveCfg = Release|Any CPU
		{2170C857-1201-4206-B2A6-8A4746EE27F2}.Release|Any CPU.Build.0 = Release|Any CPU
	EndGlobalSection
	GlobalSection(SolutionConfigurationPlatforms) = preSolution
		Debug|Any CPU = Debug|Any CPU
		Release|Any CPU = Release|Any CPU
	EndGlobalSection
EndGlobal
