
Microsoft Visual Studio Solution File, Format Version 12.00
# Visual Studio Version 16
VisualStudioVersion = 16.0.31229.75
MinimumVisualStudioVersion = 10.0.40219.1
Project("{FAE04EC0-301F-11D3-BF4B-00C04F79EFBC}") = "EventSourcing.Net.Engine", "EventSourcing.Net.Engine\EventSourcing.Net.Engine.csproj", "{2170C857-1201-4206-B2A6-8A4746EE27F2}"
EndProject
Project("{FAE04EC0-301F-11D3-BF4B-00C04F79EFBC}") = "EventSourcing.Net.Abstractions", "EventSourcing.Net.Abstractions\EventSourcing.Net.Abstractions.csproj", "{47C84E19-4A1B-47A2-A1FD-5411A919A755}"
EndProject
Project("{FAE04EC0-301F-11D3-BF4B-00C04F79EFBC}") = "EventSourcing.Net.CodeGeneration", "EventSourcing.Net.CodeGeneration\EventSourcing.Net.CodeGeneration.csproj", "{1FF4919B-F8F9-45EE-B823-78BA3299BD51}"
EndProject
Project("{FAE04EC0-301F-11D3-BF4B-00C04F79EFBC}") = "EventSourcing.Net.Bus.MassTransit", "EventSourcing.Net.Bus.MassTransit\EventSourcing.Net.Bus.MassTransit.csproj", "{F31FF2B2-35E5-40E7-80EB-CD623CCD72F4}"
EndProject
Project("{FAE04EC0-301F-11D3-BF4B-00C04F79EFBC}") = "EventSourcing.Net.Storage.Postgres", "EventSourcing.Net.Storage.Postgres\EventSourcing.Net.Storage.Postgres.csproj", "{7CF0D720-F5E0-4BA9-BA09-37383A67FFB3}"
EndProject
Project("{FAE04EC0-301F-11D3-BF4B-00C04F79EFBC}") = "EventSourcing.Net.Serialization.NewtonsoftJson", "EventSourcing.Net.Serialization.NewtonsoftJson\EventSourcing.Net.Serialization.NewtonsoftJson.csproj", "{D205163B-E305-45D5-8748-5AFABC32D102}"
EndProject
Project("{2150E333-8FDC-42A3-9474-1A3956D46DE8}") = "Samples", "Samples", "{9D1CC8E9-A9CF-44DC-8AD1-1ED018DB26A5}"
EndProject
Project("{FAE04EC0-301F-11D3-BF4B-00C04F79EFBC}") = "EventSourcing.Net", "EventSourcing.Net\EventSourcing.Net.csproj", "{D535DBAA-435C-4D1C-9756-61488335870E}"
EndProject
Project("{2150E333-8FDC-42A3-9474-1A3956D46DE8}") = "Benchmarks", "Benchmarks", "{8AC07F01-906D-4824-8322-41C6E1116F73}"
EndProject
Project("{FAE04EC0-301F-11D3-BF4B-00C04F79EFBC}") = "EventSourcing.Net.Samples.Simple", "..\samples\EventSourcing.Net.Samples.Simple\EventSourcing.Net.Samples.Simple.csproj", "{FC39728A-92EB-4D88-8B5B-70ABF3C0B668}"
EndProject
Project("{FAE04EC0-301F-11D3-BF4B-00C04F79EFBC}") = "EventSourcing.Net.Storage.Redis", "EventSourcing.Net.Storage.Redis\EventSourcing.Net.Storage.Redis.csproj", "{7175C6E2-D981-41EB-B08B-00DDD0097FA3}"
EndProject
Project("{FAE04EC0-301F-11D3-BF4B-00C04F79EFBC}") = "EventSourcing.Net.Samples.Persistence", "..\samples\EventSourcing.Net.Samples.Persistence\EventSourcing.Net.Samples.Persistence.csproj", "{58436FAA-B2BB-4B5F-9B8A-6A6FD838FCAF}"
EndProject
Project("{2150E333-8FDC-42A3-9474-1A3956D46DE8}") = "Tests", "Tests", "{EDFFC3F3-D323-4EB0-8AE9-B677C0253CBB}"
EndProject
Project("{FAE04EC0-301F-11D3-BF4B-00C04F79EFBC}") = "EventSouring.Benchmark.General", "..\benchmarks\EventSouring.Benchmark.General\EventSouring.Benchmark.General.csproj", "{4700D6B0-B6BA-458F-B898-BA3E46D8EE8B}"
EndProject
Project("{FAE04EC0-301F-11D3-BF4B-00C04F79EFBC}") = "EventSourcing.Benchmark.Shared", "..\benchmarks\EventSourcing.Benchmark.Shared\EventSourcing.Benchmark.Shared.csproj", "{C9F0A705-89B6-443B-B339-6AF8F020A603}"
EndProject
Project("{FAE04EC0-301F-11D3-BF4B-00C04F79EFBC}") = "EventSourcing.Benchmark.Redis", "..\benchmarks\EventSourcing.Benchmark.Redis\EventSourcing.Benchmark.Redis.csproj", "{55D75D4A-E3A7-4CD0-9C1C-A406B4D765D3}"
EndProject
Project("{FAE04EC0-301F-11D3-BF4B-00C04F79EFBC}") = "EventSourcing.Net.Bus.Mediatr", "EventSourcing.Net.Bus.Mediatr\EventSourcing.Net.Bus.Mediatr.csproj", "{28CB96FE-5046-43BE-91BB-4550E56F924E}"
EndProject
Project("{FAE04EC0-301F-11D3-BF4B-00C04F79EFBC}") = "EventSourcing.Net.Samples.Mediatr", "..\samples\EventSourcing.Net.Samples.Mediatr\EventSourcing.Net.Samples.Mediatr.csproj", "{D528A55F-988D-4D7C-9F86-8EEDDC4DF099}"
EndProject
Project("{FAE04EC0-301F-11D3-BF4B-00C04F79EFBC}") = "EventSourcing.Net.Serialization.ProtobufNet", "EventSourcing.Net.Serialization.ProtobufNet\EventSourcing.Net.Serialization.ProtobufNet.csproj", "{CDF8608C-6EB6-4D2C-9A5B-B9ABA26A00E4}"
EndProject
Project("{FAE04EC0-301F-11D3-BF4B-00C04F79EFBC}") = "EventSourcing.Net.Samples.NewtonsoftJson", "..\samples\EventSourcing.Net.Samples.NewtonsoftJson\EventSourcing.Net.Samples.NewtonsoftJson.csproj", "{26C279A4-2F76-4E33-B148-394C6FE9D730}"
EndProject
Project("{FAE04EC0-301F-11D3-BF4B-00C04F79EFBC}") = "EventSourcing.Net.Serialization.NewtonsoftJson.Tests", "..\tests\EventSourcing.Net.Serialization.NewtonsoftJson.Tests\EventSourcing.Net.Serialization.NewtonsoftJson.Tests.csproj", "{A04EA9CA-8DA7-4964-BB24-7B3AFD4A66FD}"
EndProject
Project("{FAE04EC0-301F-11D3-BF4B-00C04F79EFBC}") = "EventSourcing.Net.Tests.Shared", "..\tests\EventSourcing.Net.Tests.Shared\EventSourcing.Net.Tests.Shared.csproj", "{AA164C4F-C146-4381-9541-181449773B79}"
EndProject
Project("{FAE04EC0-301F-11D3-BF4B-00C04F79EFBC}") = "EventSourcing.Net.Tests", "..\tests\EventSourcing.Net.Tests\EventSourcing.Net.Tests.csproj", "{0AD14FC4-C559-49B7-A96C-268796630B10}"
EndProject
Project("{FAE04EC0-301F-11D3-BF4B-00C04F79EFBC}") = "EventSourcing.Net.Serialization.ProtobufNet.Tests", "..\tests\EventSourcing.Net.Serialization.ProtobufNet.Tests\EventSourcing.Net.Serialization.ProtobufNet.Tests.csproj", "{03618FB2-A5F0-4399-90B7-1443F0356308}"
EndProject
Global
	GlobalSection(SolutionProperties) = preSolution
		HideSolutionNode = FALSE
	EndGlobalSection
	GlobalSection(ExtensibilityGlobals) = postSolution
		SolutionGuid = {90866FCA-A32D-4DC0-8B94-02D97D6B4D20}
	EndGlobalSection
	GlobalSection(ProjectConfigurationPlatforms) = postSolution
		{2170C857-1201-4206-B2A6-8A4746EE27F2}.Debug|Any CPU.ActiveCfg = Debug|Any CPU
		{2170C857-1201-4206-B2A6-8A4746EE27F2}.Debug|Any CPU.Build.0 = Debug|Any CPU
		{2170C857-1201-4206-B2A6-8A4746EE27F2}.Release|Any CPU.ActiveCfg = Release|Any CPU
		{2170C857-1201-4206-B2A6-8A4746EE27F2}.Release|Any CPU.Build.0 = Release|Any CPU
		{47C84E19-4A1B-47A2-A1FD-5411A919A755}.Debug|Any CPU.ActiveCfg = Debug|Any CPU
		{47C84E19-4A1B-47A2-A1FD-5411A919A755}.Debug|Any CPU.Build.0 = Debug|Any CPU
		{47C84E19-4A1B-47A2-A1FD-5411A919A755}.Release|Any CPU.ActiveCfg = Release|Any CPU
		{47C84E19-4A1B-47A2-A1FD-5411A919A755}.Release|Any CPU.Build.0 = Release|Any CPU
		{1FF4919B-F8F9-45EE-B823-78BA3299BD51}.Debug|Any CPU.ActiveCfg = Debug|Any CPU
		{1FF4919B-F8F9-45EE-B823-78BA3299BD51}.Debug|Any CPU.Build.0 = Debug|Any CPU
		{1FF4919B-F8F9-45EE-B823-78BA3299BD51}.Release|Any CPU.ActiveCfg = Release|Any CPU
		{1FF4919B-F8F9-45EE-B823-78BA3299BD51}.Release|Any CPU.Build.0 = Release|Any CPU
		{F31FF2B2-35E5-40E7-80EB-CD623CCD72F4}.Debug|Any CPU.ActiveCfg = Debug|Any CPU
		{F31FF2B2-35E5-40E7-80EB-CD623CCD72F4}.Debug|Any CPU.Build.0 = Debug|Any CPU
		{F31FF2B2-35E5-40E7-80EB-CD623CCD72F4}.Release|Any CPU.ActiveCfg = Release|Any CPU
		{F31FF2B2-35E5-40E7-80EB-CD623CCD72F4}.Release|Any CPU.Build.0 = Release|Any CPU
		{7CF0D720-F5E0-4BA9-BA09-37383A67FFB3}.Debug|Any CPU.ActiveCfg = Debug|Any CPU
		{7CF0D720-F5E0-4BA9-BA09-37383A67FFB3}.Debug|Any CPU.Build.0 = Debug|Any CPU
		{7CF0D720-F5E0-4BA9-BA09-37383A67FFB3}.Release|Any CPU.ActiveCfg = Release|Any CPU
		{7CF0D720-F5E0-4BA9-BA09-37383A67FFB3}.Release|Any CPU.Build.0 = Release|Any CPU
		{D205163B-E305-45D5-8748-5AFABC32D102}.Debug|Any CPU.ActiveCfg = Debug|Any CPU
		{D205163B-E305-45D5-8748-5AFABC32D102}.Debug|Any CPU.Build.0 = Debug|Any CPU
		{D205163B-E305-45D5-8748-5AFABC32D102}.Release|Any CPU.ActiveCfg = Release|Any CPU
		{D205163B-E305-45D5-8748-5AFABC32D102}.Release|Any CPU.Build.0 = Release|Any CPU
		{D535DBAA-435C-4D1C-9756-61488335870E}.Debug|Any CPU.ActiveCfg = Debug|Any CPU
		{D535DBAA-435C-4D1C-9756-61488335870E}.Debug|Any CPU.Build.0 = Debug|Any CPU
		{D535DBAA-435C-4D1C-9756-61488335870E}.Release|Any CPU.ActiveCfg = Release|Any CPU
		{D535DBAA-435C-4D1C-9756-61488335870E}.Release|Any CPU.Build.0 = Release|Any CPU
		{D535DBAA-435C-4D1C-9756-61488335870E}.Debug|Any CPU.Deploy.0 = Debug|Any CPU
		{FC39728A-92EB-4D88-8B5B-70ABF3C0B668}.Debug|Any CPU.ActiveCfg = Debug|Any CPU
		{FC39728A-92EB-4D88-8B5B-70ABF3C0B668}.Debug|Any CPU.Build.0 = Debug|Any CPU
		{FC39728A-92EB-4D88-8B5B-70ABF3C0B668}.Release|Any CPU.ActiveCfg = Release|Any CPU
		{FC39728A-92EB-4D88-8B5B-70ABF3C0B668}.Release|Any CPU.Build.0 = Release|Any CPU
		{7175C6E2-D981-41EB-B08B-00DDD0097FA3}.Debug|Any CPU.ActiveCfg = Debug|Any CPU
		{7175C6E2-D981-41EB-B08B-00DDD0097FA3}.Debug|Any CPU.Build.0 = Debug|Any CPU
		{7175C6E2-D981-41EB-B08B-00DDD0097FA3}.Release|Any CPU.ActiveCfg = Release|Any CPU
		{7175C6E2-D981-41EB-B08B-00DDD0097FA3}.Release|Any CPU.Build.0 = Release|Any CPU
		{58436FAA-B2BB-4B5F-9B8A-6A6FD838FCAF}.Debug|Any CPU.ActiveCfg = Debug|Any CPU
		{58436FAA-B2BB-4B5F-9B8A-6A6FD838FCAF}.Debug|Any CPU.Build.0 = Debug|Any CPU
		{58436FAA-B2BB-4B5F-9B8A-6A6FD838FCAF}.Release|Any CPU.ActiveCfg = Release|Any CPU
		{58436FAA-B2BB-4B5F-9B8A-6A6FD838FCAF}.Release|Any CPU.Build.0 = Release|Any CPU
		{4700D6B0-B6BA-458F-B898-BA3E46D8EE8B}.Debug|Any CPU.ActiveCfg = Debug|Any CPU
		{4700D6B0-B6BA-458F-B898-BA3E46D8EE8B}.Debug|Any CPU.Build.0 = Debug|Any CPU
		{4700D6B0-B6BA-458F-B898-BA3E46D8EE8B}.Release|Any CPU.ActiveCfg = Release|Any CPU
		{4700D6B0-B6BA-458F-B898-BA3E46D8EE8B}.Release|Any CPU.Build.0 = Release|Any CPU
		{C9F0A705-89B6-443B-B339-6AF8F020A603}.Debug|Any CPU.ActiveCfg = Debug|Any CPU
		{C9F0A705-89B6-443B-B339-6AF8F020A603}.Debug|Any CPU.Build.0 = Debug|Any CPU
		{C9F0A705-89B6-443B-B339-6AF8F020A603}.Release|Any CPU.ActiveCfg = Release|Any CPU
		{C9F0A705-89B6-443B-B339-6AF8F020A603}.Release|Any CPU.Build.0 = Release|Any CPU
		{55D75D4A-E3A7-4CD0-9C1C-A406B4D765D3}.Debug|Any CPU.ActiveCfg = Debug|Any CPU
		{55D75D4A-E3A7-4CD0-9C1C-A406B4D765D3}.Debug|Any CPU.Build.0 = Debug|Any CPU
		{55D75D4A-E3A7-4CD0-9C1C-A406B4D765D3}.Release|Any CPU.ActiveCfg = Release|Any CPU
		{55D75D4A-E3A7-4CD0-9C1C-A406B4D765D3}.Release|Any CPU.Build.0 = Release|Any CPU
		{28CB96FE-5046-43BE-91BB-4550E56F924E}.Debug|Any CPU.ActiveCfg = Debug|Any CPU
		{28CB96FE-5046-43BE-91BB-4550E56F924E}.Debug|Any CPU.Build.0 = Debug|Any CPU
		{28CB96FE-5046-43BE-91BB-4550E56F924E}.Release|Any CPU.ActiveCfg = Release|Any CPU
		{28CB96FE-5046-43BE-91BB-4550E56F924E}.Release|Any CPU.Build.0 = Release|Any CPU
		{D528A55F-988D-4D7C-9F86-8EEDDC4DF099}.Debug|Any CPU.ActiveCfg = Debug|Any CPU
		{D528A55F-988D-4D7C-9F86-8EEDDC4DF099}.Debug|Any CPU.Build.0 = Debug|Any CPU
		{D528A55F-988D-4D7C-9F86-8EEDDC4DF099}.Release|Any CPU.ActiveCfg = Release|Any CPU
		{D528A55F-988D-4D7C-9F86-8EEDDC4DF099}.Release|Any CPU.Build.0 = Release|Any CPU
		{CDF8608C-6EB6-4D2C-9A5B-B9ABA26A00E4}.Debug|Any CPU.ActiveCfg = Debug|Any CPU
		{CDF8608C-6EB6-4D2C-9A5B-B9ABA26A00E4}.Debug|Any CPU.Build.0 = Debug|Any CPU
		{CDF8608C-6EB6-4D2C-9A5B-B9ABA26A00E4}.Release|Any CPU.ActiveCfg = Release|Any CPU
		{CDF8608C-6EB6-4D2C-9A5B-B9ABA26A00E4}.Release|Any CPU.Build.0 = Release|Any CPU
		{26C279A4-2F76-4E33-B148-394C6FE9D730}.Debug|Any CPU.ActiveCfg = Debug|Any CPU
		{26C279A4-2F76-4E33-B148-394C6FE9D730}.Debug|Any CPU.Build.0 = Debug|Any CPU
		{26C279A4-2F76-4E33-B148-394C6FE9D730}.Release|Any CPU.ActiveCfg = Release|Any CPU
		{26C279A4-2F76-4E33-B148-394C6FE9D730}.Release|Any CPU.Build.0 = Release|Any CPU
		{A04EA9CA-8DA7-4964-BB24-7B3AFD4A66FD}.Debug|Any CPU.ActiveCfg = Debug|Any CPU
		{A04EA9CA-8DA7-4964-BB24-7B3AFD4A66FD}.Debug|Any CPU.Build.0 = Debug|Any CPU
		{A04EA9CA-8DA7-4964-BB24-7B3AFD4A66FD}.Release|Any CPU.ActiveCfg = Release|Any CPU
		{A04EA9CA-8DA7-4964-BB24-7B3AFD4A66FD}.Release|Any CPU.Build.0 = Release|Any CPU
		{AA164C4F-C146-4381-9541-181449773B79}.Debug|Any CPU.ActiveCfg = Debug|Any CPU
		{AA164C4F-C146-4381-9541-181449773B79}.Debug|Any CPU.Build.0 = Debug|Any CPU
		{AA164C4F-C146-4381-9541-181449773B79}.Release|Any CPU.ActiveCfg = Release|Any CPU
		{AA164C4F-C146-4381-9541-181449773B79}.Release|Any CPU.Build.0 = Release|Any CPU
		{0AD14FC4-C559-49B7-A96C-268796630B10}.Debug|Any CPU.ActiveCfg = Debug|Any CPU
		{0AD14FC4-C559-49B7-A96C-268796630B10}.Debug|Any CPU.Build.0 = Debug|Any CPU
		{0AD14FC4-C559-49B7-A96C-268796630B10}.Release|Any CPU.ActiveCfg = Release|Any CPU
		{0AD14FC4-C559-49B7-A96C-268796630B10}.Release|Any CPU.Build.0 = Release|Any CPU
		{03618FB2-A5F0-4399-90B7-1443F0356308}.Debug|Any CPU.ActiveCfg = Debug|Any CPU
		{03618FB2-A5F0-4399-90B7-1443F0356308}.Debug|Any CPU.Build.0 = Debug|Any CPU
		{03618FB2-A5F0-4399-90B7-1443F0356308}.Release|Any CPU.ActiveCfg = Release|Any CPU
		{03618FB2-A5F0-4399-90B7-1443F0356308}.Release|Any CPU.Build.0 = Release|Any CPU
	EndGlobalSection
	GlobalSection(SolutionConfigurationPlatforms) = preSolution
		Debug|Any CPU = Debug|Any CPU
		Release|Any CPU = Release|Any CPU
	EndGlobalSection
	GlobalSection(NestedProjects) = preSolution
		{FC39728A-92EB-4D88-8B5B-70ABF3C0B668} = {9D1CC8E9-A9CF-44DC-8AD1-1ED018DB26A5}
		{58436FAA-B2BB-4B5F-9B8A-6A6FD838FCAF} = {9D1CC8E9-A9CF-44DC-8AD1-1ED018DB26A5}
		{4700D6B0-B6BA-458F-B898-BA3E46D8EE8B} = {8AC07F01-906D-4824-8322-41C6E1116F73}
		{C9F0A705-89B6-443B-B339-6AF8F020A603} = {8AC07F01-906D-4824-8322-41C6E1116F73}
		{55D75D4A-E3A7-4CD0-9C1C-A406B4D765D3} = {8AC07F01-906D-4824-8322-41C6E1116F73}
		{D528A55F-988D-4D7C-9F86-8EEDDC4DF099} = {9D1CC8E9-A9CF-44DC-8AD1-1ED018DB26A5}
		{26C279A4-2F76-4E33-B148-394C6FE9D730} = {9D1CC8E9-A9CF-44DC-8AD1-1ED018DB26A5}
		{A04EA9CA-8DA7-4964-BB24-7B3AFD4A66FD} = {EDFFC3F3-D323-4EB0-8AE9-B677C0253CBB}
		{AA164C4F-C146-4381-9541-181449773B79} = {EDFFC3F3-D323-4EB0-8AE9-B677C0253CBB}
		{0AD14FC4-C559-49B7-A96C-268796630B10} = {EDFFC3F3-D323-4EB0-8AE9-B677C0253CBB}
		{03618FB2-A5F0-4399-90B7-1443F0356308} = {EDFFC3F3-D323-4EB0-8AE9-B677C0253CBB}
	EndGlobalSection
EndGlobal
